
Microsoft Visual Studio Solution File, Format Version 12.00
# Visual Studio Version 16
VisualStudioVersion = 16.0.28729.10
MinimumVisualStudioVersion = 10.0.40219.1
Project("{FAE04EC0-301F-11D3-BF4B-00C04F79EFBC}") = "SharePoint.Authentication", "SharePoint.Authentication\SharePoint.Authentication.csproj", "{76ABD293-65E1-4F3E-ACD7-B082605D59F0}"
EndProject
Project("{FAE04EC0-301F-11D3-BF4B-00C04F79EFBC}") = "SharePoint.Authentication.Sample", "SharePoint.Authentication.Sample\SharePoint.Authentication.Sample.csproj", "{9E1DB778-AFD0-4BA1-82FA-3AB2FEF4E427}"
EndProject
Global
	GlobalSection(SolutionConfigurationPlatforms) = preSolution
		Debug|Any CPU = Debug|Any CPU
		Release|Any CPU = Release|Any CPU
	EndGlobalSection
	GlobalSection(ProjectConfigurationPlatforms) = postSolution
		{76ABD293-65E1-4F3E-ACD7-B082605D59F0}.Debug|Any CPU.ActiveCfg = Debug|Any CPU
		{76ABD293-65E1-4F3E-ACD7-B082605D59F0}.Debug|Any CPU.Build.0 = Debug|Any CPU
		{76ABD293-65E1-4F3E-ACD7-B082605D59F0}.Release|Any CPU.ActiveCfg = Release|Any CPU
		{76ABD293-65E1-4F3E-ACD7-B082605D59F0}.Release|Any CPU.Build.0 = Release|Any CPU
		{9E1DB778-AFD0-4BA1-82FA-3AB2FEF4E427}.Debug|Any CPU.ActiveCfg = Debug|Any CPU
		{9E1DB778-AFD0-4BA1-82FA-3AB2FEF4E427}.Debug|Any CPU.Build.0 = Debug|Any CPU
		{9E1DB778-AFD0-4BA1-82FA-3AB2FEF4E427}.Release|Any CPU.ActiveCfg = Release|Any CPU
		{9E1DB778-AFD0-4BA1-82FA-3AB2FEF4E427}.Release|Any CPU.Build.0 = Release|Any CPU
	EndGlobalSection
	GlobalSection(SolutionProperties) = preSolution
		HideSolutionNode = FALSE
	EndGlobalSection
	GlobalSection(ExtensibilityGlobals) = postSolution
		SolutionGuid = {A3B11810-0B44-4D99-B558-F3D124CDF0AE}
	EndGlobalSection
EndGlobal
