
Microsoft Visual Studio Solution File, Format Version 12.00
Project("{FAE04EC0-301F-11D3-BF4B-00C04F79EFBC}") = "SharePoint.Authentication.ACS", "SharePoint.Authentication.ACS\SharePoint.Authentication.ACS.csproj", "{76ABD293-65E1-4F3E-ACD7-B082605D59F0}"
EndProject
Global
	GlobalSection(SolutionConfigurationPlatforms) = preSolution
		Debug|Any CPU = Debug|Any CPU
		Release|Any CPU = Release|Any CPU
	EndGlobalSection
	GlobalSection(ProjectConfigurationPlatforms) = postSolution
		{76ABD293-65E1-4F3E-ACD7-B082605D59F0}.Debug|Any CPU.ActiveCfg = Debug|Any CPU
		{76ABD293-65E1-4F3E-ACD7-B082605D59F0}.Debug|Any CPU.Build.0 = Debug|Any CPU
		{76ABD293-65E1-4F3E-ACD7-B082605D59F0}.Release|Any CPU.ActiveCfg = Release|Any CPU
		{76ABD293-65E1-4F3E-ACD7-B082605D59F0}.Release|Any CPU.Build.0 = Release|Any CPU
	EndGlobalSection
EndGlobal
